{
  "name": "turnbasedlua",
  "version": "1.0.0",
  "lockfileVersion": 1,
  "requires": true,
  "dependencies": {
    "love-typescript-definitions": {
      "version": "0.21.0",
      "resolved": "https://registry.npmjs.org/love-typescript-definitions/-/love-typescript-definitions-0.21.0.tgz",
      "integrity": "sha512-BeGO0xjR7wMd3u/w/2WNOY9Khqw9GIF+ARMPukaEQMxe86C120P7B9GyHYQYu93Z3VoMWhaQptt9pnHTAg4OMg==",
      "dev": true
    },
    "lua-types": {
      "version": "2.8.0",
      "resolved": "https://registry.npmjs.org/lua-types/-/lua-types-2.8.0.tgz",
      "integrity": "sha512-FJY32giHIqD/XW1XGkJnl8XotXIJsJ2M42fj9A2UudttWA6orJioToW1OpgPdayTr+S1/oTO7i+hfBY3UVG8Fg==",
      "dev": true
    },
    "path-parse": {
      "version": "1.0.6",
      "resolved": "https://registry.npmjs.org/path-parse/-/path-parse-1.0.6.tgz",
      "integrity": "sha512-GSmOT2EbHrINBf9SR7CDELwlJ8AENk3Qn7OikK4nFYAu3Ote2+JYNVvkpAEQm3/TLNEJFD/xZJjzyxg3KBWOzw==",
      "dev": true
    },
    "resolve": {
      "version": "1.17.0",
      "resolved": "https://registry.npmjs.org/resolve/-/resolve-1.17.0.tgz",
      "integrity": "sha512-ic+7JYiV8Vi2yzQGFWOkiZD5Z9z7O2Zhm9XMaTxdJExKasieFCr+yXZ/WmXsckHiKl12ar0y6XiXDx3m4RHn1w==",
      "dev": true,
      "requires": {
        "path-parse": "^1.0.6"
      }
    },
    "source-map": {
      "version": "0.7.3",
      "resolved": "https://registry.npmjs.org/source-map/-/source-map-0.7.3.tgz",
      "integrity": "sha512-CkCj6giN3S+n9qrYiBTX5gystlENnRW5jZeNLHpe6aue+SrHcG5VYwujhW9s4dY31mEGsxBDrHR6oI69fTXsaQ==",
      "dev": true
    },
    "typescript": {
      "version": "3.9.7",
      "resolved": "https://registry.npmjs.org/typescript/-/typescript-3.9.7.tgz",
      "integrity": "sha512-BLbiRkiBzAwsjut4x/dsibSTB6yWpwT5qWmC2OfuCg3GgVQCSgMs4vEctYPhsaGtd0AeuuHMkjZ2h2WG8MSzRw==",
      "dev": true
    },
    "typescript-to-lua": {
      "version": "0.35.0",
      "resolved": "https://registry.npmjs.org/typescript-to-lua/-/typescript-to-lua-0.35.0.tgz",
      "integrity": "sha512-r79LfK1nWauFO4SR7q7pMCYjwW412Z17yx1WKp00SnVmYNwbm4fB/TsJuZe5jLtpZxAuGG8nVqtJEAsU5d1Bhg==",
      "dev": true,
      "requires": {
        "resolve": "^1.15.1",
        "source-map": "^0.7.3",
        "typescript": "^3.9.2"
      }
    }
  }
}
